// !$*UTF8*$!
{
	archiveVersion = 1;
	classes = {
	};
	objectVersion = 46;
	objects = {

/* Begin PBXBuildFile section */
		605C2B5A1AE28AA600166825 /* TagListViewTests.m in Sources */ = {isa = PBXBuildFile; fileRef = 605C2B591AE28AA600166825 /* TagListViewTests.m */; };
		605C2B611AE29A4700166825 /* AMTagViewTests.m in Sources */ = {isa = PBXBuildFile; fileRef = 605C2B601AE29A4700166825 /* AMTagViewTests.m */; };
		650BD3C21B60EE4C00D5550E /* AMTagListView.m in Sources */ = {isa = PBXBuildFile; fileRef = 650BD3BF1B60EE4C00D5550E /* AMTagListView.m */; };
		650BD3C31B60EE4C00D5550E /* AMTagView.m in Sources */ = {isa = PBXBuildFile; fileRef = 650BD3C11B60EE4C00D5550E /* AMTagView.m */; };
		65225F4B188DC70E006DE0AB /* Foundation.framework in Frameworks */ = {isa = PBXBuildFile; fileRef = 65225F4A188DC70E006DE0AB /* Foundation.framework */; };
		65225F4D188DC70E006DE0AB /* CoreGraphics.framework in Frameworks */ = {isa = PBXBuildFile; fileRef = 65225F4C188DC70E006DE0AB /* CoreGraphics.framework */; };
		65225F4F188DC70E006DE0AB /* UIKit.framework in Frameworks */ = {isa = PBXBuildFile; fileRef = 65225F4E188DC70E006DE0AB /* UIKit.framework */; };
		65225F55188DC70E006DE0AB /* InfoPlist.strings in Resources */ = {isa = PBXBuildFile; fileRef = 65225F53188DC70E006DE0AB /* InfoPlist.strings */; };
		65225F57188DC70E006DE0AB /* main.m in Sources */ = {isa = PBXBuildFile; fileRef = 65225F56188DC70E006DE0AB /* main.m */; };
		65225F5B188DC70E006DE0AB /* AMAppDelegate.m in Sources */ = {isa = PBXBuildFile; fileRef = 65225F5A188DC70E006DE0AB /* AMAppDelegate.m */; };
		65225F5E188DC70E006DE0AB /* Main.storyboard in Resources */ = {isa = PBXBuildFile; fileRef = 65225F5C188DC70E006DE0AB /* Main.storyboard */; };
		65225F61188DC70E006DE0AB /* AMViewController.m in Sources */ = {isa = PBXBuildFile; fileRef = 65225F60188DC70E006DE0AB /* AMViewController.m */; };
		65225F63188DC70E006DE0AB /* Images.xcassets in Resources */ = {isa = PBXBuildFile; fileRef = 65225F62188DC70E006DE0AB /* Images.xcassets */; };
		6598AD731A3AE68F00011234 /* Launch Screen.xib in Resources */ = {isa = PBXBuildFile; fileRef = 6598AD721A3AE68F00011234 /* Launch Screen.xib */; };
		BA21738A5BF290EDBD31AD8E /* libPods-TagListViewTests.a in Frameworks */ = {isa = PBXBuildFile; fileRef = 1F281F9C8A8F47A8F4073978 /* libPods-TagListViewTests.a */; };
/* End PBXBuildFile section */

/* Begin PBXContainerItemProxy section */
		605C2B5B1AE28AA600166825 /* PBXContainerItemProxy */ = {
			isa = PBXContainerItemProxy;
			containerPortal = 65225F3F188DC70E006DE0AB /* Project object */;
			proxyType = 1;
			remoteGlobalIDString = 65225F46188DC70E006DE0AB;
			remoteInfo = TagListViewDemo;
		};
/* End PBXContainerItemProxy section */

/* Begin PBXFileReference section */
		1F281F9C8A8F47A8F4073978 /* libPods-TagListViewTests.a */ = {isa = PBXFileReference; explicitFileType = archive.ar; includeInIndex = 0; path = "libPods-TagListViewTests.a"; sourceTree = BUILT_PRODUCTS_DIR; };
		2A4E64FA0DD97D9F8C70E876 /* Pods-TagListViewTests.debug.xcconfig */ = {isa = PBXFileReference; includeInIndex = 1; lastKnownFileType = text.xcconfig; name = "Pods-TagListViewTests.debug.xcconfig"; path = "Pods/Target Support Files/Pods-TagListViewTests/Pods-TagListViewTests.debug.xcconfig"; sourceTree = "<group>"; };
		605C2B551AE28AA600166825 /* TagListViewTests.xctest */ = {isa = PBXFileReference; explicitFileType = wrapper.cfbundle; includeInIndex = 0; path = TagListViewTests.xctest; sourceTree = BUILT_PRODUCTS_DIR; };
		605C2B581AE28AA600166825 /* Info.plist */ = {isa = PBXFileReference; lastKnownFileType = text.plist.xml; path = Info.plist; sourceTree = "<group>"; };
		605C2B591AE28AA600166825 /* TagListViewTests.m */ = {isa = PBXFileReference; lastKnownFileType = sourcecode.c.objc; path = TagListViewTests.m; sourceTree = "<group>"; };
		605C2B601AE29A4700166825 /* AMTagViewTests.m */ = {isa = PBXFileReference; fileEncoding = 4; lastKnownFileType = sourcecode.c.objc; path = AMTagViewTests.m; sourceTree = "<group>"; };
		650BD3BF1B60EE4C00D5550E /* AMTagListView.m */ = {isa = PBXFileReference; fileEncoding = 4; lastKnownFileType = sourcecode.c.objc; name = AMTagListView.m; path = ../Source/AMTagListView.m; sourceTree = "<group>"; };
		650BD3C01B60EE4C00D5550E /* AMTagView.h */ = {isa = PBXFileReference; fileEncoding = 4; lastKnownFileType = sourcecode.c.h; name = AMTagView.h; path = ../Source/AMTagView.h; sourceTree = "<group>"; };
		650BD3C11B60EE4C00D5550E /* AMTagView.m */ = {isa = PBXFileReference; fileEncoding = 4; lastKnownFileType = sourcecode.c.objc; name = AMTagView.m; path = ../Source/AMTagView.m; sourceTree = "<group>"; };
		650BD3C41B60EE5200D5550E /* AMTagListView.h */ = {isa = PBXFileReference; lastKnownFileType = sourcecode.c.h; name = AMTagListView.h; path = ../Source/AMTagListView.h; sourceTree = "<group>"; };
		65225F47188DC70E006DE0AB /* TagListViewDemo.app */ = {isa = PBXFileReference; explicitFileType = wrapper.application; includeInIndex = 0; path = TagListViewDemo.app; sourceTree = BUILT_PRODUCTS_DIR; };
		65225F4A188DC70E006DE0AB /* Foundation.framework */ = {isa = PBXFileReference; lastKnownFileType = wrapper.framework; name = Foundation.framework; path = System/Library/Frameworks/Foundation.framework; sourceTree = SDKROOT; };
		65225F4C188DC70E006DE0AB /* CoreGraphics.framework */ = {isa = PBXFileReference; lastKnownFileType = wrapper.framework; name = CoreGraphics.framework; path = System/Library/Frameworks/CoreGraphics.framework; sourceTree = SDKROOT; };
		65225F4E188DC70E006DE0AB /* UIKit.framework */ = {isa = PBXFileReference; lastKnownFileType = wrapper.framework; name = UIKit.framework; path = System/Library/Frameworks/UIKit.framework; sourceTree = SDKROOT; };
		65225F52188DC70E006DE0AB /* TagListViewDemo-Info.plist */ = {isa = PBXFileReference; lastKnownFileType = text.plist.xml; path = "TagListViewDemo-Info.plist"; sourceTree = "<group>"; };
		65225F54188DC70E006DE0AB /* en */ = {isa = PBXFileReference; lastKnownFileType = text.plist.strings; name = en; path = en.lproj/InfoPlist.strings; sourceTree = "<group>"; };
		65225F56188DC70E006DE0AB /* main.m */ = {isa = PBXFileReference; lastKnownFileType = sourcecode.c.objc; path = main.m; sourceTree = "<group>"; };
		65225F58188DC70E006DE0AB /* TagListViewDemo-Prefix.pch */ = {isa = PBXFileReference; lastKnownFileType = sourcecode.c.h; path = "TagListViewDemo-Prefix.pch"; sourceTree = "<group>"; };
		65225F59188DC70E006DE0AB /* AMAppDelegate.h */ = {isa = PBXFileReference; lastKnownFileType = sourcecode.c.h; path = AMAppDelegate.h; sourceTree = "<group>"; };
		65225F5A188DC70E006DE0AB /* AMAppDelegate.m */ = {isa = PBXFileReference; lastKnownFileType = sourcecode.c.objc; path = AMAppDelegate.m; sourceTree = "<group>"; };
		65225F5D188DC70E006DE0AB /* Base */ = {isa = PBXFileReference; lastKnownFileType = file.storyboard; name = Base; path = Base.lproj/Main.storyboard; sourceTree = "<group>"; };
		65225F5F188DC70E006DE0AB /* AMViewController.h */ = {isa = PBXFileReference; lastKnownFileType = sourcecode.c.h; path = AMViewController.h; sourceTree = "<group>"; };
		65225F60188DC70E006DE0AB /* AMViewController.m */ = {isa = PBXFileReference; lastKnownFileType = sourcecode.c.objc; path = AMViewController.m; sourceTree = "<group>"; };
		65225F62188DC70E006DE0AB /* Images.xcassets */ = {isa = PBXFileReference; lastKnownFileType = folder.assetcatalog; path = Images.xcassets; sourceTree = "<group>"; };
		65225F69188DC70E006DE0AB /* XCTest.framework */ = {isa = PBXFileReference; lastKnownFileType = wrapper.framework; name = XCTest.framework; path = Library/Frameworks/XCTest.framework; sourceTree = DEVELOPER_DIR; };
		6598AD721A3AE68F00011234 /* Launch Screen.xib */ = {isa = PBXFileReference; fileEncoding = 4; lastKnownFileType = file.xib; path = "Launch Screen.xib"; sourceTree = "<group>"; };
		6F4B6BE9E7DD67F87C417260 /* Pods-TagListViewTests.release.xcconfig */ = {isa = PBXFileReference; includeInIndex = 1; lastKnownFileType = text.xcconfig; name = "Pods-TagListViewTests.release.xcconfig"; path = "Pods/Target Support Files/Pods-TagListViewTests/Pods-TagListViewTests.release.xcconfig"; sourceTree = "<group>"; };
/* End PBXFileReference section */

/* Begin PBXFrameworksBuildPhase section */
		605C2B521AE28AA600166825 /* Frameworks */ = {
			isa = PBXFrameworksBuildPhase;
			buildActionMask = 2147483647;
			files = (
				BA21738A5BF290EDBD31AD8E /* libPods-TagListViewTests.a in Frameworks */,
			);
			runOnlyForDeploymentPostprocessing = 0;
		};
		65225F44188DC70E006DE0AB /* Frameworks */ = {
			isa = PBXFrameworksBuildPhase;
			buildActionMask = 2147483647;
			files = (
				65225F4D188DC70E006DE0AB /* CoreGraphics.framework in Frameworks */,
				65225F4F188DC70E006DE0AB /* UIKit.framework in Frameworks */,
				65225F4B188DC70E006DE0AB /* Foundation.framework in Frameworks */,
			);
			runOnlyForDeploymentPostprocessing = 0;
		};
/* End PBXFrameworksBuildPhase section */

/* Begin PBXGroup section */
		1AE32E40AA629AC22CF9A8CD /* Pods */ = {
			isa = PBXGroup;
			children = (
				2A4E64FA0DD97D9F8C70E876 /* Pods-TagListViewTests.debug.xcconfig */,
				6F4B6BE9E7DD67F87C417260 /* Pods-TagListViewTests.release.xcconfig */,
			);
			name = Pods;
			sourceTree = "<group>";
		};
		605C2B561AE28AA600166825 /* TagListViewTests */ = {
			isa = PBXGroup;
			children = (
				605C2B601AE29A4700166825 /* AMTagViewTests.m */,
				605C2B591AE28AA600166825 /* TagListViewTests.m */,
				605C2B571AE28AA600166825 /* Supporting Files */,
			);
			path = TagListViewTests;
			sourceTree = "<group>";
		};
		605C2B571AE28AA600166825 /* Supporting Files */ = {
			isa = PBXGroup;
			children = (
				605C2B581AE28AA600166825 /* Info.plist */,
			);
			name = "Supporting Files";
			sourceTree = "<group>";
		};
		65225F3E188DC70E006DE0AB = {
			isa = PBXGroup;
			children = (
				65225F50188DC70E006DE0AB /* TagListViewDemo */,
				605C2B561AE28AA600166825 /* TagListViewTests */,
				65225F49188DC70E006DE0AB /* Frameworks */,
				65225F48188DC70E006DE0AB /* Products */,
				1AE32E40AA629AC22CF9A8CD /* Pods */,
			);
			indentWidth = 4;
			sourceTree = "<group>";
			tabWidth = 4;
			usesTabs = 0;
		};
		65225F48188DC70E006DE0AB /* Products */ = {
			isa = PBXGroup;
			children = (
				65225F47188DC70E006DE0AB /* TagListViewDemo.app */,
				605C2B551AE28AA600166825 /* TagListViewTests.xctest */,
			);
			name = Products;
			sourceTree = "<group>";
		};
		65225F49188DC70E006DE0AB /* Frameworks */ = {
			isa = PBXGroup;
			children = (
				65225F4A188DC70E006DE0AB /* Foundation.framework */,
				65225F4C188DC70E006DE0AB /* CoreGraphics.framework */,
				65225F4E188DC70E006DE0AB /* UIKit.framework */,
				65225F69188DC70E006DE0AB /* XCTest.framework */,
				1F281F9C8A8F47A8F4073978 /* libPods-TagListViewTests.a */,
			);
			name = Frameworks;
			sourceTree = "<group>";
		};
		65225F50188DC70E006DE0AB /* TagListViewDemo */ = {
			isa = PBXGroup;
			children = (
				65225F7F188DC751006DE0AB /* AMTagListView */,
				65225F59188DC70E006DE0AB /* AMAppDelegate.h */,
				65225F5A188DC70E006DE0AB /* AMAppDelegate.m */,
				65225F5C188DC70E006DE0AB /* Main.storyboard */,
				6598AD721A3AE68F00011234 /* Launch Screen.xib */,
				65225F5F188DC70E006DE0AB /* AMViewController.h */,
				65225F60188DC70E006DE0AB /* AMViewController.m */,
				65225F62188DC70E006DE0AB /* Images.xcassets */,
				65225F51188DC70E006DE0AB /* Supporting Files */,
			);
			path = TagListViewDemo;
			sourceTree = "<group>";
		};
		65225F51188DC70E006DE0AB /* Supporting Files */ = {
			isa = PBXGroup;
			children = (
				65225F52188DC70E006DE0AB /* TagListViewDemo-Info.plist */,
				65225F53188DC70E006DE0AB /* InfoPlist.strings */,
				65225F56188DC70E006DE0AB /* main.m */,
				65225F58188DC70E006DE0AB /* TagListViewDemo-Prefix.pch */,
			);
			name = "Supporting Files";
			sourceTree = "<group>";
		};
		65225F7F188DC751006DE0AB /* AMTagListView */ = {
			isa = PBXGroup;
			children = (
				650BD3C41B60EE5200D5550E /* AMTagListView.h */,
				650BD3BF1B60EE4C00D5550E /* AMTagListView.m */,
				650BD3C01B60EE4C00D5550E /* AMTagView.h */,
				650BD3C11B60EE4C00D5550E /* AMTagView.m */,
			);
			name = AMTagListView;
			path = ../../AMTagListView;
			sourceTree = "<group>";
		};
/* End PBXGroup section */

/* Begin PBXNativeTarget section */
		605C2B541AE28AA600166825 /* TagListViewTests */ = {
			isa = PBXNativeTarget;
			buildConfigurationList = 605C2B5F1AE28AA600166825 /* Build configuration list for PBXNativeTarget "TagListViewTests" */;
			buildPhases = (
				18B2FA0650DBC2EDB55C7EAD /* Check Pods Manifest.lock */,
				605C2B511AE28AA600166825 /* Sources */,
				605C2B521AE28AA600166825 /* Frameworks */,
				605C2B531AE28AA600166825 /* Resources */,
				964E3AD7530EB420E04FC858 /* Copy Pods Resources */,
				A1923041984AF237BB61097F /* Embed Pods Frameworks */,
			);
			buildRules = (
			);
			dependencies = (
				605C2B5C1AE28AA600166825 /* PBXTargetDependency */,
			);
			name = TagListViewTests;
			productName = TagListViewTests;
			productReference = 605C2B551AE28AA600166825 /* TagListViewTests.xctest */;
			productType = "com.apple.product-type.bundle.unit-test";
		};
		65225F46188DC70E006DE0AB /* TagListViewDemo */ = {
			isa = PBXNativeTarget;
			buildConfigurationList = 65225F79188DC70E006DE0AB /* Build configuration list for PBXNativeTarget "TagListViewDemo" */;
			buildPhases = (
				65225F43188DC70E006DE0AB /* Sources */,
				65225F44188DC70E006DE0AB /* Frameworks */,
				65225F45188DC70E006DE0AB /* Resources */,
				D304869059ED4AFFB675965A /* Warn for TODO and FIXME comments */,
			);
			buildRules = (
			);
			dependencies = (
			);
			name = TagListViewDemo;
			productName = TagListViewDemo;
			productReference = 65225F47188DC70E006DE0AB /* TagListViewDemo.app */;
			productType = "com.apple.product-type.application";
		};
/* End PBXNativeTarget section */

/* Begin PBXProject section */
		65225F3F188DC70E006DE0AB /* Project object */ = {
			isa = PBXProject;
			attributes = {
				CLASSPREFIX = AM;
				LastUpgradeCheck = 0510;
				ORGANIZATIONNAME = "Fancy Pixel";
				TargetAttributes = {
					605C2B541AE28AA600166825 = {
						CreatedOnToolsVersion = 6.3;
						TestTargetID = 65225F46188DC70E006DE0AB;
					};
				};
			};
			buildConfigurationList = 65225F42188DC70E006DE0AB /* Build configuration list for PBXProject "TagListViewDemo" */;
			compatibilityVersion = "Xcode 3.2";
			developmentRegion = English;
			hasScannedForEncodings = 0;
			knownRegions = (
				en,
				Base,
			);
			mainGroup = 65225F3E188DC70E006DE0AB;
			productRefGroup = 65225F48188DC70E006DE0AB /* Products */;
			projectDirPath = "";
			projectRoot = "";
			targets = (
				65225F46188DC70E006DE0AB /* TagListViewDemo */,
				605C2B541AE28AA600166825 /* TagListViewTests */,
			);
		};
/* End PBXProject section */

/* Begin PBXResourcesBuildPhase section */
		605C2B531AE28AA600166825 /* Resources */ = {
			isa = PBXResourcesBuildPhase;
			buildActionMask = 2147483647;
			files = (
			);
			runOnlyForDeploymentPostprocessing = 0;
		};
		65225F45188DC70E006DE0AB /* Resources */ = {
			isa = PBXResourcesBuildPhase;
			buildActionMask = 2147483647;
			files = (
				65225F63188DC70E006DE0AB /* Images.xcassets in Resources */,
				6598AD731A3AE68F00011234 /* Launch Screen.xib in Resources */,
				65225F55188DC70E006DE0AB /* InfoPlist.strings in Resources */,
				65225F5E188DC70E006DE0AB /* Main.storyboard in Resources */,
			);
			runOnlyForDeploymentPostprocessing = 0;
		};
/* End PBXResourcesBuildPhase section */

/* Begin PBXShellScriptBuildPhase section */
		18B2FA0650DBC2EDB55C7EAD /* Check Pods Manifest.lock */ = {
			isa = PBXShellScriptBuildPhase;
			buildActionMask = 2147483647;
			files = (
			);
			inputPaths = (
			);
			name = "Check Pods Manifest.lock";
			outputPaths = (
			);
			runOnlyForDeploymentPostprocessing = 0;
			shellPath = /bin/sh;
			shellScript = "diff \"${PODS_ROOT}/../Podfile.lock\" \"${PODS_ROOT}/Manifest.lock\" > /dev/null\nif [[ $? != 0 ]] ; then\n    cat << EOM\nerror: The sandbox is not in sync with the Podfile.lock. Run 'pod install' or update your CocoaPods installation.\nEOM\n    exit 1\nfi\n";
			showEnvVarsInLog = 0;
		};
		964E3AD7530EB420E04FC858 /* Copy Pods Resources */ = {
			isa = PBXShellScriptBuildPhase;
			buildActionMask = 2147483647;
			files = (
			);
			inputPaths = (
			);
			name = "Copy Pods Resources";
			outputPaths = (
			);
			runOnlyForDeploymentPostprocessing = 0;
			shellPath = /bin/sh;
			shellScript = "\"${SRCROOT}/Pods/Target Support Files/Pods-TagListViewTests/Pods-TagListViewTests-resources.sh\"\n";
			showEnvVarsInLog = 0;
		};
		A1923041984AF237BB61097F /* Embed Pods Frameworks */ = {
			isa = PBXShellScriptBuildPhase;
			buildActionMask = 2147483647;
			files = (
			);
			inputPaths = (
			);
			name = "Embed Pods Frameworks";
			outputPaths = (
			);
			runOnlyForDeploymentPostprocessing = 0;
			shellPath = /bin/sh;
			shellScript = "\"${SRCROOT}/Pods/Target Support Files/Pods-TagListViewTests/Pods-TagListViewTests-frameworks.sh\"\n";
			showEnvVarsInLog = 0;
		};
		D304869059ED4AFFB675965A /* Warn for TODO and FIXME comments */ = {
			isa = PBXShellScriptBuildPhase;
			buildActionMask = 2147483647;
			files = (
			);
			inputPaths = (
			);
			name = "Warn for TODO and FIXME comments";
			outputPaths = (
			);
			runOnlyForDeploymentPostprocessing = 0;
			shellPath = /bin/sh;
			shellScript = "KEYWORDS=\"TODO:|FIXME:|\\?\\?\\?:|\\!\\!\\!:\"\nFILE_EXTENSIONS=\"h|m|mm|c|cpp\"\nfind -E \"${SRCROOT}\" -ipath \"${SRCROOT}/pods\" -prune -o \\( -regex \".*\\.($FILE_EXTENSIONS)$\" \\) -print0 | xargs -0 egrep --with-filename --line-number --only-matching \"($KEYWORDS).*\\$\" | perl -p -e \"s/($KEYWORDS)/ warning: \\$1/\"\n";
		};
/* End PBXShellScriptBuildPhase section */

/* Begin PBXSourcesBuildPhase section */
		605C2B511AE28AA600166825 /* Sources */ = {
			isa = PBXSourcesBuildPhase;
			buildActionMask = 2147483647;
			files = (
				605C2B5A1AE28AA600166825 /* TagListViewTests.m in Sources */,
				605C2B611AE29A4700166825 /* AMTagViewTests.m in Sources */,
			);
			runOnlyForDeploymentPostprocessing = 0;
		};
		65225F43188DC70E006DE0AB /* Sources */ = {
			isa = PBXSourcesBuildPhase;
			buildActionMask = 2147483647;
			files = (
				650BD3C31B60EE4C00D5550E /* AMTagView.m in Sources */,
				65225F5B188DC70E006DE0AB /* AMAppDelegate.m in Sources */,
				65225F61188DC70E006DE0AB /* AMViewController.m in Sources */,
				65225F57188DC70E006DE0AB /* main.m in Sources */,
				650BD3C21B60EE4C00D5550E /* AMTagListView.m in Sources */,
			);
			runOnlyForDeploymentPostprocessing = 0;
		};
/* End PBXSourcesBuildPhase section */

/* Begin PBXTargetDependency section */
		605C2B5C1AE28AA600166825 /* PBXTargetDependency */ = {
			isa = PBXTargetDependency;
			target = 65225F46188DC70E006DE0AB /* TagListViewDemo */;
			targetProxy = 605C2B5B1AE28AA600166825 /* PBXContainerItemProxy */;
		};
/* End PBXTargetDependency section */

/* Begin PBXVariantGroup section */
		65225F53188DC70E006DE0AB /* InfoPlist.strings */ = {
			isa = PBXVariantGroup;
			children = (
				65225F54188DC70E006DE0AB /* en */,
			);
			name = InfoPlist.strings;
			sourceTree = "<group>";
		};
		65225F5C188DC70E006DE0AB /* Main.storyboard */ = {
			isa = PBXVariantGroup;
			children = (
				65225F5D188DC70E006DE0AB /* Base */,
			);
			name = Main.storyboard;
			sourceTree = "<group>";
		};
/* End PBXVariantGroup section */

/* Begin XCBuildConfiguration section */
		605C2B5D1AE28AA600166825 /* Debug */ = {
			isa = XCBuildConfiguration;
			baseConfigurationReference = 2A4E64FA0DD97D9F8C70E876 /* Pods-TagListViewTests.debug.xcconfig */;
			buildSettings = {
				BUNDLE_LOADER = "$(TEST_HOST)";
				CLANG_WARN_UNREACHABLE_CODE = YES;
				DEBUG_INFORMATION_FORMAT = "dwarf-with-dsym";
				ENABLE_STRICT_OBJC_MSGSEND = YES;
				FRAMEWORK_SEARCH_PATHS = (
					"$(SDKROOT)/Developer/Library/Frameworks",
					"$(inherited)",
				);
				GCC_NO_COMMON_BLOCKS = YES;
				GCC_PREPROCESSOR_DEFINITIONS = (
					"DEBUG=1",
					"$(inherited)",
				);
				GCC_WARN_UNINITIALIZED_AUTOS = YES_AGGRESSIVE;
				INFOPLIST_FILE = TagListViewTests/Info.plist;
				IPHONEOS_DEPLOYMENT_TARGET = 8.3;
				LD_RUNPATH_SEARCH_PATHS = "$(inherited) @executable_path/Frameworks @loader_path/Frameworks";
				MTL_ENABLE_DEBUG_INFO = YES;
				PRODUCT_NAME = "$(TARGET_NAME)";
				TEST_HOST = "$(BUILT_PRODUCTS_DIR)/TagListViewDemo.app/TagListViewDemo";
			};
			name = Debug;
		};
		605C2B5E1AE28AA600166825 /* Release */ = {
			isa = XCBuildConfiguration;
			baseConfigurationReference = 6F4B6BE9E7DD67F87C417260 /* Pods-TagListViewTests.release.xcconfig */;
			buildSettings = {
				BUNDLE_LOADER = "$(TEST_HOST)";
				CLANG_WARN_UNREACHABLE_CODE = YES;
				COPY_PHASE_STRIP = NO;
				DEBUG_INFORMATION_FORMAT = "dwarf-with-dsym";
				ENABLE_STRICT_OBJC_MSGSEND = YES;
				FRAMEWORK_SEARCH_PATHS = (
					"$(SDKROOT)/Developer/Library/Frameworks",
					"$(inherited)",
				);
				GCC_NO_COMMON_BLOCKS = YES;
				GCC_WARN_UNINITIALIZED_AUTOS = YES_AGGRESSIVE;
				INFOPLIST_FILE = TagListViewTests/Info.plist;
				IPHONEOS_DEPLOYMENT_TARGET = 8.3;
				LD_RUNPATH_SEARCH_PATHS = "$(inherited) @executable_path/Frameworks @loader_path/Frameworks";
				MTL_ENABLE_DEBUG_INFO = NO;
				PRODUCT_NAME = "$(TARGET_NAME)";
				TEST_HOST = "$(BUILT_PRODUCTS_DIR)/TagListViewDemo.app/TagListViewDemo";
			};
			name = Release;
		};
		65225F77188DC70E006DE0AB /* Debug */ = {
			isa = XCBuildConfiguration;
			buildSettings = {
				ALWAYS_SEARCH_USER_PATHS = NO;
				CLANG_CXX_LANGUAGE_STANDARD = "gnu++0x";
				CLANG_CXX_LIBRARY = "libc++";
				CLANG_ENABLE_MODULES = YES;
				CLANG_ENABLE_OBJC_ARC = YES;
				CLANG_WARN_BOOL_CONVERSION = YES;
				CLANG_WARN_CONSTANT_CONVERSION = YES;
				CLANG_WARN_DEPRECATED_OBJC_IMPLEMENTATIONS = YES;
				CLANG_WARN_DIRECT_OBJC_ISA_USAGE = YES_ERROR;
				CLANG_WARN_EMPTY_BODY = YES;
				CLANG_WARN_ENUM_CONVERSION = YES;
				CLANG_WARN_INT_CONVERSION = YES;
				CLANG_WARN_OBJC_IMPLICIT_RETAIN_SELF = YES;
				CLANG_WARN_OBJC_ROOT_CLASS = YES_ERROR;
				CLANG_WARN__DUPLICATE_METHOD_MATCH = YES;
				"CODE_SIGN_IDENTITY[sdk=iphoneos*]" = "iPhone Developer";
				COPY_PHASE_STRIP = NO;
				GCC_C_LANGUAGE_STANDARD = gnu99;
				GCC_DYNAMIC_NO_PIC = NO;
				GCC_GENERATE_TEST_COVERAGE_FILES = YES;
				GCC_INSTRUMENT_PROGRAM_FLOW_ARCS = YES;
				GCC_OPTIMIZATION_LEVEL = 0;
				GCC_PREPROCESSOR_DEFINITIONS = (
					"DEBUG=1",
					"$(inherited)",
				);
				GCC_SYMBOLS_PRIVATE_EXTERN = NO;
				GCC_WARN_64_TO_32_BIT_CONVERSION = YES;
				GCC_WARN_ABOUT_MISSING_FIELD_INITIALIZERS = YES;
				GCC_WARN_ABOUT_MISSING_NEWLINE = YES;
				GCC_WARN_ABOUT_RETURN_TYPE = YES;
				GCC_WARN_CHECK_SWITCH_STATEMENTS = YES;
				GCC_WARN_INITIALIZER_NOT_FULLY_BRACKETED = YES;
				GCC_WARN_MISSING_PARENTHESES = YES;
				GCC_WARN_SHADOW = YES;
				GCC_WARN_SIGN_COMPARE = YES;
				GCC_WARN_TYPECHECK_CALLS_TO_PRINTF = YES;
				GCC_WARN_UNDECLARED_SELECTOR = YES;
				GCC_WARN_UNINITIALIZED_AUTOS = YES;
				GCC_WARN_UNUSED_FUNCTION = YES;
				GCC_WARN_UNUSED_LABEL = YES;
				GCC_WARN_UNUSED_VALUE = YES;
				GCC_WARN_UNUSED_VARIABLE = YES;
				IPHONEOS_DEPLOYMENT_TARGET = 7.0;
				ONLY_ACTIVE_ARCH = YES;
				RUN_CLANG_STATIC_ANALYZER = YES;
				SDKROOT = iphoneos;
			};
			name = Debug;
		};
		65225F78188DC70E006DE0AB /* Release */ = {
			isa = XCBuildConfiguration;
			buildSettings = {
				ALWAYS_SEARCH_USER_PATHS = NO;
				CLANG_CXX_LANGUAGE_STANDARD = "gnu++0x";
				CLANG_CXX_LIBRARY = "libc++";
				CLANG_ENABLE_MODULES = YES;
				CLANG_ENABLE_OBJC_ARC = YES;
				CLANG_WARN_BOOL_CONVERSION = YES;
				CLANG_WARN_CONSTANT_CONVERSION = YES;
				CLANG_WARN_DEPRECATED_OBJC_IMPLEMENTATIONS = YES;
				CLANG_WARN_DIRECT_OBJC_ISA_USAGE = YES_ERROR;
				CLANG_WARN_EMPTY_BODY = YES;
				CLANG_WARN_ENUM_CONVERSION = YES;
				CLANG_WARN_INT_CONVERSION = YES;
				CLANG_WARN_OBJC_IMPLICIT_RETAIN_SELF = YES;
				CLANG_WARN_OBJC_ROOT_CLASS = YES_ERROR;
				CLANG_WARN__DUPLICATE_METHOD_MATCH = YES;
				"CODE_SIGN_IDENTITY[sdk=iphoneos*]" = "iPhone Developer";
				COPY_PHASE_STRIP = YES;
				ENABLE_NS_ASSERTIONS = NO;
				GCC_C_LANGUAGE_STANDARD = gnu99;
				GCC_GENERATE_TEST_COVERAGE_FILES = YES;
				GCC_INSTRUMENT_PROGRAM_FLOW_ARCS = YES;
				GCC_WARN_64_TO_32_BIT_CONVERSION = YES;
				GCC_WARN_ABOUT_MISSING_FIELD_INITIALIZERS = YES;
				GCC_WARN_ABOUT_MISSING_NEWLINE = YES;
				GCC_WARN_ABOUT_RETURN_TYPE = YES;
				GCC_WARN_CHECK_SWITCH_STATEMENTS = YES;
				GCC_WARN_INITIALIZER_NOT_FULLY_BRACKETED = YES;
				GCC_WARN_MISSING_PARENTHESES = YES;
				GCC_WARN_SHADOW = YES;
				GCC_WARN_SIGN_COMPARE = YES;
				GCC_WARN_TYPECHECK_CALLS_TO_PRINTF = YES;
				GCC_WARN_UNDECLARED_SELECTOR = YES;
				GCC_WARN_UNINITIALIZED_AUTOS = YES;
				GCC_WARN_UNUSED_FUNCTION = YES;
				GCC_WARN_UNUSED_LABEL = YES;
				GCC_WARN_UNUSED_VALUE = YES;
				GCC_WARN_UNUSED_VARIABLE = YES;
				IPHONEOS_DEPLOYMENT_TARGET = 7.0;
				RUN_CLANG_STATIC_ANALYZER = YES;
				SDKROOT = iphoneos;
				VALIDATE_PRODUCT = YES;
			};
			name = Release;
		};
		65225F7A188DC70E006DE0AB /* Debug */ = {
			isa = XCBuildConfiguration;
			buildSettings = {
				ASSETCATALOG_COMPILER_APPICON_NAME = AppIcon;
				ASSETCATALOG_COMPILER_LAUNCHIMAGE_NAME = LaunchImage;
				GCC_PRECOMPILE_PREFIX_HEADER = YES;
				GCC_PREFIX_HEADER = "TagListViewDemo/TagListViewDemo-Prefix.pch";
				INFOPLIST_FILE = "TagListViewDemo/TagListViewDemo-Info.plist";
				PRODUCT_NAME = "$(TARGET_NAME)";
				WRAPPER_EXTENSION = app;
			};
			name = Debug;
		};
		65225F7B188DC70E006DE0AB /* Release */ = {
			isa = XCBuildConfiguration;
			buildSettings = {
				ASSETCATALOG_COMPILER_APPICON_NAME = AppIcon;
				ASSETCATALOG_COMPILER_LAUNCHIMAGE_NAME = LaunchImage;
				GCC_PRECOMPILE_PREFIX_HEADER = YES;
				GCC_PREFIX_HEADER = "TagListViewDemo/TagListViewDemo-Prefix.pch";
				INFOPLIST_FILE = "TagListViewDemo/TagListViewDemo-Info.plist";
				PRODUCT_NAME = "$(TARGET_NAME)";
				WRAPPER_EXTENSION = app;
			};
			name = Release;
		};
/* End XCBuildConfiguration section */

/* Begin XCConfigurationList section */
		605C2B5F1AE28AA600166825 /* Build configuration list for PBXNativeTarget "TagListViewTests" */ = {
			isa = XCConfigurationList;
			buildConfigurations = (
				605C2B5D1AE28AA600166825 /* Debug */,
				605C2B5E1AE28AA600166825 /* Release */,
			);
			defaultConfigurationIsVisible = 0;
			defaultConfigurationName = Release;
		};
		65225F42188DC70E006DE0AB /* Build configuration list for PBXProject "TagListViewDemo" */ = {
			isa = XCConfigurationList;
			buildConfigurations = (
				65225F77188DC70E006DE0AB /* Debug */,
				65225F78188DC70E006DE0AB /* Release */,
			);
			defaultConfigurationIsVisible = 0;
			defaultConfigurationName = Release;
		};
		65225F79188DC70E006DE0AB /* Build configuration list for PBXNativeTarget "TagListViewDemo" */ = {
			isa = XCConfigurationList;
			buildConfigurations = (
				65225F7A188DC70E006DE0AB /* Debug */,
				65225F7B188DC70E006DE0AB /* Release */,
			);
			defaultConfigurationIsVisible = 0;
			defaultConfigurationName = Release;
		};
/* End XCConfigurationList section */
	};
	rootObject = 65225F3F188DC70E006DE0AB /* Project object */;
}
