PODS:
  - AMTagListView (0.3.2)
  - Expecta (0.3.0)
  - Specta (0.2.1)

DEPENDENCIES:
  - AMTagListView (from `..`)
  - Expecta
  - Specta

EXTERNAL SOURCES:
  AMTagListView:
    :path: ..

SPEC CHECKSUMS:
  AMTagListView: 2c6ec5810e5bf97afac2a0c7c04cf55a715054be
  Expecta: ce8a51b9fad15a2cd573b291cb2909aaed865350
  Specta: 9141310f46b1f68b676650ff2854e1ed0b74163a

COCOAPODS: 0.33.1
