// !$*UTF8*$!
{
	archiveVersion = 1;
	classes = {
	};
	objectVersion = 46;
	objects = {

/* Begin PBXBuildFile section */
		657FC7521916840500878049 /* XCTest.framework in Frameworks */ = {isa = PBXBuildFile; fileRef = 657FC7511916840500878049 /* XCTest.framework */; };
		657FC7531916840500878049 /* Foundation.framework in Frameworks */ = {isa = PBXBuildFile; fileRef = 657FC7381916840500878049 /* Foundation.framework */; };
		657FC7541916840500878049 /* UIKit.framework in Frameworks */ = {isa = PBXBuildFile; fileRef = 657FC73C1916840500878049 /* UIKit.framework */; };
		657FC75C1916840500878049 /* InfoPlist.strings in Resources */ = {isa = PBXBuildFile; fileRef = 657FC75A1916840500878049 /* InfoPlist.strings */; };
		657FC75E1916840500878049 /* TestsTests.m in Sources */ = {isa = PBXBuildFile; fileRef = 657FC75D1916840500878049 /* TestsTests.m */; };
		BAECAEBDC5D24C8C9E72EE0E /* libPods-TestsTests.a in Frameworks */ = {isa = PBXBuildFile; fileRef = 5BA4BA1323B64B1381AB32B5 /* libPods-TestsTests.a */; };
/* End PBXBuildFile section */

/* Begin PBXFileReference section */
		5BA4BA1323B64B1381AB32B5 /* libPods-TestsTests.a */ = {isa = PBXFileReference; explicitFileType = archive.ar; includeInIndex = 0; path = "libPods-TestsTests.a"; sourceTree = BUILT_PRODUCTS_DIR; };
		5CF50439207B43B3925B3BB0 /* Pods-TestsTests.xcconfig */ = {isa = PBXFileReference; includeInIndex = 1; lastKnownFileType = text.xcconfig; name = "Pods-TestsTests.xcconfig"; path = "Pods/Pods-TestsTests.xcconfig"; sourceTree = "<group>"; };
		657FC7381916840500878049 /* Foundation.framework */ = {isa = PBXFileReference; lastKnownFileType = wrapper.framework; name = Foundation.framework; path = System/Library/Frameworks/Foundation.framework; sourceTree = SDKROOT; };
		657FC73A1916840500878049 /* CoreGraphics.framework */ = {isa = PBXFileReference; lastKnownFileType = wrapper.framework; name = CoreGraphics.framework; path = System/Library/Frameworks/CoreGraphics.framework; sourceTree = SDKROOT; };
		657FC73C1916840500878049 /* UIKit.framework */ = {isa = PBXFileReference; lastKnownFileType = wrapper.framework; name = UIKit.framework; path = System/Library/Frameworks/UIKit.framework; sourceTree = SDKROOT; };
		657FC7401916840500878049 /* Tests-Info.plist */ = {isa = PBXFileReference; lastKnownFileType = text.plist.xml; path = "Tests-Info.plist"; sourceTree = "<group>"; };
		657FC7421916840500878049 /* en */ = {isa = PBXFileReference; lastKnownFileType = text.plist.strings; name = en; path = en.lproj/InfoPlist.strings; sourceTree = "<group>"; };
		657FC7441916840500878049 /* main.m */ = {isa = PBXFileReference; lastKnownFileType = sourcecode.c.objc; path = main.m; sourceTree = "<group>"; };
		657FC7461916840500878049 /* Tests-Prefix.pch */ = {isa = PBXFileReference; lastKnownFileType = sourcecode.c.h; path = "Tests-Prefix.pch"; sourceTree = "<group>"; };
		657FC7471916840500878049 /* AMAppDelegate.h */ = {isa = PBXFileReference; lastKnownFileType = sourcecode.c.h; path = AMAppDelegate.h; sourceTree = "<group>"; };
		657FC7481916840500878049 /* AMAppDelegate.m */ = {isa = PBXFileReference; lastKnownFileType = sourcecode.c.objc; path = AMAppDelegate.m; sourceTree = "<group>"; };
		657FC74A1916840500878049 /* Images.xcassets */ = {isa = PBXFileReference; lastKnownFileType = folder.assetcatalog; path = Images.xcassets; sourceTree = "<group>"; };
		657FC7501916840500878049 /* TestsTests.xctest */ = {isa = PBXFileReference; explicitFileType = wrapper.cfbundle; includeInIndex = 0; path = TestsTests.xctest; sourceTree = BUILT_PRODUCTS_DIR; };
		657FC7511916840500878049 /* XCTest.framework */ = {isa = PBXFileReference; lastKnownFileType = wrapper.framework; name = XCTest.framework; path = Library/Frameworks/XCTest.framework; sourceTree = DEVELOPER_DIR; };
		657FC7591916840500878049 /* TestsTests-Info.plist */ = {isa = PBXFileReference; lastKnownFileType = text.plist.xml; path = "TestsTests-Info.plist"; sourceTree = "<group>"; };
		657FC75B1916840500878049 /* en */ = {isa = PBXFileReference; lastKnownFileType = text.plist.strings; name = en; path = en.lproj/InfoPlist.strings; sourceTree = "<group>"; };
		657FC75D1916840500878049 /* TestsTests.m */ = {isa = PBXFileReference; lastKnownFileType = sourcecode.c.objc; path = TestsTests.m; sourceTree = "<group>"; };
/* End PBXFileReference section */

/* Begin PBXFrameworksBuildPhase section */
		657FC74D1916840500878049 /* Frameworks */ = {
			isa = PBXFrameworksBuildPhase;
			buildActionMask = 2147483647;
			files = (
				657FC7521916840500878049 /* XCTest.framework in Frameworks */,
				657FC7541916840500878049 /* UIKit.framework in Frameworks */,
				657FC7531916840500878049 /* Foundation.framework in Frameworks */,
				BAECAEBDC5D24C8C9E72EE0E /* libPods-TestsTests.a in Frameworks */,
			);
			runOnlyForDeploymentPostprocessing = 0;
		};
/* End PBXFrameworksBuildPhase section */

/* Begin PBXGroup section */
		657FC72C1916840500878049 = {
			isa = PBXGroup;
			children = (
				657FC73E1916840500878049 /* Tests */,
				657FC7571916840500878049 /* TestsTests */,
				657FC7371916840500878049 /* Frameworks */,
				657FC7361916840500878049 /* Products */,
				5CF50439207B43B3925B3BB0 /* Pods-TestsTests.xcconfig */,
			);
			sourceTree = "<group>";
		};
		657FC7361916840500878049 /* Products */ = {
			isa = PBXGroup;
			children = (
				657FC7501916840500878049 /* TestsTests.xctest */,
			);
			name = Products;
			sourceTree = "<group>";
		};
		657FC7371916840500878049 /* Frameworks */ = {
			isa = PBXGroup;
			children = (
				657FC7381916840500878049 /* Foundation.framework */,
				657FC73A1916840500878049 /* CoreGraphics.framework */,
				657FC73C1916840500878049 /* UIKit.framework */,
				657FC7511916840500878049 /* XCTest.framework */,
				5BA4BA1323B64B1381AB32B5 /* libPods-TestsTests.a */,
			);
			name = Frameworks;
			sourceTree = "<group>";
		};
		657FC73E1916840500878049 /* Tests */ = {
			isa = PBXGroup;
			children = (
				657FC7471916840500878049 /* AMAppDelegate.h */,
				657FC7481916840500878049 /* AMAppDelegate.m */,
				657FC74A1916840500878049 /* Images.xcassets */,
				657FC73F1916840500878049 /* Supporting Files */,
			);
			path = Tests;
			sourceTree = "<group>";
		};
		657FC73F1916840500878049 /* Supporting Files */ = {
			isa = PBXGroup;
			children = (
				657FC7401916840500878049 /* Tests-Info.plist */,
				657FC7411916840500878049 /* InfoPlist.strings */,
				657FC7441916840500878049 /* main.m */,
				657FC7461916840500878049 /* Tests-Prefix.pch */,
			);
			name = "Supporting Files";
			sourceTree = "<group>";
		};
		657FC7571916840500878049 /* TestsTests */ = {
			isa = PBXGroup;
			children = (
				657FC75D1916840500878049 /* TestsTests.m */,
				657FC7581916840500878049 /* Supporting Files */,
			);
			path = TestsTests;
			sourceTree = "<group>";
		};
		657FC7581916840500878049 /* Supporting Files */ = {
			isa = PBXGroup;
			children = (
				657FC7591916840500878049 /* TestsTests-Info.plist */,
				657FC75A1916840500878049 /* InfoPlist.strings */,
			);
			name = "Supporting Files";
			sourceTree = "<group>";
		};
/* End PBXGroup section */

/* Begin PBXNativeTarget section */
		657FC74F1916840500878049 /* TestsTests */ = {
			isa = PBXNativeTarget;
			buildConfigurationList = 657FC7641916840500878049 /* Build configuration list for PBXNativeTarget "TestsTests" */;
			buildPhases = (
				98091A3C7D044E528FA8DBCE /* Check Pods Manifest.lock */,
				657FC74C1916840500878049 /* Sources */,
				657FC74D1916840500878049 /* Frameworks */,
				657FC74E1916840500878049 /* Resources */,
				13897E3C0EA84C498A9196D6 /* Copy Pods Resources */,
			);
			buildRules = (
			);
			dependencies = (
			);
			name = TestsTests;
			productName = TestsTests;
			productReference = 657FC7501916840500878049 /* TestsTests.xctest */;
			productType = "com.apple.product-type.bundle.unit-test";
		};
/* End PBXNativeTarget section */

/* Begin PBXProject section */
		657FC72D1916840500878049 /* Project object */ = {
			isa = PBXProject;
			attributes = {
				CLASSPREFIX = AM;
				LastUpgradeCheck = 0510;
				ORGANIZATIONNAME = "Fancy Pixel";
			};
			buildConfigurationList = 657FC7301916840500878049 /* Build configuration list for PBXProject "Tests" */;
			compatibilityVersion = "Xcode 3.2";
			developmentRegion = English;
			hasScannedForEncodings = 0;
			knownRegions = (
				en,
			);
			mainGroup = 657FC72C1916840500878049;
			productRefGroup = 657FC7361916840500878049 /* Products */;
			projectDirPath = "";
			projectRoot = "";
			targets = (
				657FC74F1916840500878049 /* TestsTests */,
			);
		};
/* End PBXProject section */

/* Begin PBXResourcesBuildPhase section */
		657FC74E1916840500878049 /* Resources */ = {
			isa = PBXResourcesBuildPhase;
			buildActionMask = 2147483647;
			files = (
				657FC75C1916840500878049 /* InfoPlist.strings in Resources */,
			);
			runOnlyForDeploymentPostprocessing = 0;
		};
/* End PBXResourcesBuildPhase section */

/* Begin PBXShellScriptBuildPhase section */
		13897E3C0EA84C498A9196D6 /* Copy Pods Resources */ = {
			isa = PBXShellScriptBuildPhase;
			buildActionMask = 2147483647;
			files = (
			);
			inputPaths = (
			);
			name = "Copy Pods Resources";
			outputPaths = (
			);
			runOnlyForDeploymentPostprocessing = 0;
			shellPath = /bin/sh;
			shellScript = "\"${SRCROOT}/Pods/Pods-TestsTests-resources.sh\"\n";
			showEnvVarsInLog = 0;
		};
		98091A3C7D044E528FA8DBCE /* Check Pods Manifest.lock */ = {
			isa = PBXShellScriptBuildPhase;
			buildActionMask = 2147483647;
			files = (
			);
			inputPaths = (
			);
			name = "Check Pods Manifest.lock";
			outputPaths = (
			);
			runOnlyForDeploymentPostprocessing = 0;
			shellPath = /bin/sh;
			shellScript = "diff \"${PODS_ROOT}/../Podfile.lock\" \"${PODS_ROOT}/Manifest.lock\" > /dev/null\nif [[ $? != 0 ]] ; then\n    cat << EOM\nerror: The sandbox is not in sync with the Podfile.lock. Run 'pod install' or update your CocoaPods installation.\nEOM\n    exit 1\nfi\n";
			showEnvVarsInLog = 0;
		};
/* End PBXShellScriptBuildPhase section */

/* Begin PBXSourcesBuildPhase section */
		657FC74C1916840500878049 /* Sources */ = {
			isa = PBXSourcesBuildPhase;
			buildActionMask = 2147483647;
			files = (
				657FC75E1916840500878049 /* TestsTests.m in Sources */,
			);
			runOnlyForDeploymentPostprocessing = 0;
		};
/* End PBXSourcesBuildPhase section */

/* Begin PBXVariantGroup section */
		657FC7411916840500878049 /* InfoPlist.strings */ = {
			isa = PBXVariantGroup;
			children = (
				657FC7421916840500878049 /* en */,
			);
			name = InfoPlist.strings;
			sourceTree = "<group>";
		};
		657FC75A1916840500878049 /* InfoPlist.strings */ = {
			isa = PBXVariantGroup;
			children = (
				657FC75B1916840500878049 /* en */,
			);
			name = InfoPlist.strings;
			sourceTree = "<group>";
		};
/* End PBXVariantGroup section */

/* Begin XCBuildConfiguration section */
		657FC75F1916840500878049 /* Debug */ = {
			isa = XCBuildConfiguration;
			buildSettings = {
				ALWAYS_SEARCH_USER_PATHS = NO;
				CLANG_CXX_LANGUAGE_STANDARD = "gnu++0x";
				CLANG_CXX_LIBRARY = "libc++";
				CLANG_ENABLE_MODULES = YES;
				CLANG_ENABLE_OBJC_ARC = YES;
				CLANG_WARN_BOOL_CONVERSION = YES;
				CLANG_WARN_CONSTANT_CONVERSION = YES;
				CLANG_WARN_DIRECT_OBJC_ISA_USAGE = YES_ERROR;
				CLANG_WARN_EMPTY_BODY = YES;
				CLANG_WARN_ENUM_CONVERSION = YES;
				CLANG_WARN_INT_CONVERSION = YES;
				CLANG_WARN_OBJC_ROOT_CLASS = YES_ERROR;
				CLANG_WARN__DUPLICATE_METHOD_MATCH = YES;
				"CODE_SIGN_IDENTITY[sdk=iphoneos*]" = "iPhone Developer";
				COPY_PHASE_STRIP = NO;
				GCC_C_LANGUAGE_STANDARD = gnu99;
				GCC_DYNAMIC_NO_PIC = NO;
				GCC_OPTIMIZATION_LEVEL = 0;
				GCC_PREPROCESSOR_DEFINITIONS = (
					"DEBUG=1",
					"$(inherited)",
				);
				GCC_SYMBOLS_PRIVATE_EXTERN = NO;
				GCC_WARN_64_TO_32_BIT_CONVERSION = YES;
				GCC_WARN_ABOUT_RETURN_TYPE = YES_ERROR;
				GCC_WARN_UNDECLARED_SELECTOR = YES;
				GCC_WARN_UNINITIALIZED_AUTOS = YES_AGGRESSIVE;
				GCC_WARN_UNUSED_FUNCTION = YES;
				GCC_WARN_UNUSED_VARIABLE = YES;
				IPHONEOS_DEPLOYMENT_TARGET = 7.1;
				ONLY_ACTIVE_ARCH = YES;
				SDKROOT = iphoneos;
			};
			name = Debug;
		};
		657FC7601916840500878049 /* Release */ = {
			isa = XCBuildConfiguration;
			buildSettings = {
				ALWAYS_SEARCH_USER_PATHS = NO;
				CLANG_CXX_LANGUAGE_STANDARD = "gnu++0x";
				CLANG_CXX_LIBRARY = "libc++";
				CLANG_ENABLE_MODULES = YES;
				CLANG_ENABLE_OBJC_ARC = YES;
				CLANG_WARN_BOOL_CONVERSION = YES;
				CLANG_WARN_CONSTANT_CONVERSION = YES;
				CLANG_WARN_DIRECT_OBJC_ISA_USAGE = YES_ERROR;
				CLANG_WARN_EMPTY_BODY = YES;
				CLANG_WARN_ENUM_CONVERSION = YES;
				CLANG_WARN_INT_CONVERSION = YES;
				CLANG_WARN_OBJC_ROOT_CLASS = YES_ERROR;
				CLANG_WARN__DUPLICATE_METHOD_MATCH = YES;
				"CODE_SIGN_IDENTITY[sdk=iphoneos*]" = "iPhone Developer";
				COPY_PHASE_STRIP = YES;
				ENABLE_NS_ASSERTIONS = NO;
				GCC_C_LANGUAGE_STANDARD = gnu99;
				GCC_WARN_64_TO_32_BIT_CONVERSION = YES;
				GCC_WARN_ABOUT_RETURN_TYPE = YES_ERROR;
				GCC_WARN_UNDECLARED_SELECTOR = YES;
				GCC_WARN_UNINITIALIZED_AUTOS = YES_AGGRESSIVE;
				GCC_WARN_UNUSED_FUNCTION = YES;
				GCC_WARN_UNUSED_VARIABLE = YES;
				IPHONEOS_DEPLOYMENT_TARGET = 7.1;
				SDKROOT = iphoneos;
				VALIDATE_PRODUCT = YES;
			};
			name = Release;
		};
		657FC7651916840500878049 /* Debug */ = {
			isa = XCBuildConfiguration;
			baseConfigurationReference = 5CF50439207B43B3925B3BB0 /* Pods-TestsTests.xcconfig */;
			buildSettings = {
				FRAMEWORK_SEARCH_PATHS = (
					"$(SDKROOT)/Developer/Library/Frameworks",
					"$(inherited)",
					"$(DEVELOPER_FRAMEWORKS_DIR)",
				);
				GCC_PRECOMPILE_PREFIX_HEADER = YES;
				GCC_PREFIX_HEADER = "Tests/Tests-Prefix.pch";
				GCC_PREPROCESSOR_DEFINITIONS = (
					"DEBUG=1",
					"$(inherited)",
				);
				INFOPLIST_FILE = "TestsTests/TestsTests-Info.plist";
				PRODUCT_NAME = "$(TARGET_NAME)";
				WRAPPER_EXTENSION = xctest;
			};
			name = Debug;
		};
		657FC7661916840500878049 /* Release */ = {
			isa = XCBuildConfiguration;
			baseConfigurationReference = 5CF50439207B43B3925B3BB0 /* Pods-TestsTests.xcconfig */;
			buildSettings = {
				FRAMEWORK_SEARCH_PATHS = (
					"$(SDKROOT)/Developer/Library/Frameworks",
					"$(inherited)",
					"$(DEVELOPER_FRAMEWORKS_DIR)",
				);
				GCC_PRECOMPILE_PREFIX_HEADER = YES;
				GCC_PREFIX_HEADER = "Tests/Tests-Prefix.pch";
				INFOPLIST_FILE = "TestsTests/TestsTests-Info.plist";
				PRODUCT_NAME = "$(TARGET_NAME)";
				WRAPPER_EXTENSION = xctest;
			};
			name = Release;
		};
/* End XCBuildConfiguration section */

/* Begin XCConfigurationList section */
		657FC7301916840500878049 /* Build configuration list for PBXProject "Tests" */ = {
			isa = XCConfigurationList;
			buildConfigurations = (
				657FC75F1916840500878049 /* Debug */,
				657FC7601916840500878049 /* Release */,
			);
			defaultConfigurationIsVisible = 0;
			defaultConfigurationName = Release;
		};
		657FC7641916840500878049 /* Build configuration list for PBXNativeTarget "TestsTests" */ = {
			isa = XCConfigurationList;
			buildConfigurations = (
				657FC7651916840500878049 /* Debug */,
				657FC7661916840500878049 /* Release */,
			);
			defaultConfigurationIsVisible = 0;
			defaultConfigurationName = Release;
		};
/* End XCConfigurationList section */
	};
	rootObject = 657FC72D1916840500878049 /* Project object */;
}
